
Microsoft Visual Studio Solution File, Format Version 12.00
# Visual Studio 15
VisualStudioVersion = 15.0.27130.2026
MinimumVisualStudioVersion = 10.0.40219.1
Project("{FAE04EC0-301F-11D3-BF4B-00C04F79EFBC}") = "Web", "Web\Web.csproj", "{34E636F4-0CB7-465C-8EF2-644AC6B34589}"
EndProject
Project("{FAE04EC0-301F-11D3-BF4B-00C04F79EFBC}") = "Web.Tests", "Web.Tests\Web.Tests.csproj", "{163A88AE-42BB-4316-9D3C-225324B09A97}"
EndProject
Global
	GlobalSection(SolutionConfigurationPlatforms) = preSolution
		Debug|Any CPU = Debug|Any CPU
		Release|Any CPU = Release|Any CPU
	EndGlobalSection
	GlobalSection(ProjectConfigurationPlatforms) = postSolution
		{34E636F4-0CB7-465C-8EF2-644AC6B34589}.Debug|Any CPU.ActiveCfg = Debug|Any CPU
		{34E636F4-0CB7-465C-8EF2-644AC6B34589}.Debug|Any CPU.Build.0 = Debug|Any CPU
		{34E636F4-0CB7-465C-8EF2-644AC6B34589}.Release|Any CPU.ActiveCfg = Release|Any CPU
		{34E636F4-0CB7-465C-8EF2-644AC6B34589}.Release|Any CPU.Build.0 = Release|Any CPU
		{163A88AE-42BB-4316-9D3C-225324B09A97}.Debug|Any CPU.ActiveCfg = Debug|Any CPU
		{163A88AE-42BB-4316-9D3C-225324B09A97}.Debug|Any CPU.Build.0 = Debug|Any CPU
		{163A88AE-42BB-4316-9D3C-225324B09A97}.Release|Any CPU.ActiveCfg = Release|Any CPU
		{163A88AE-42BB-4316-9D3C-225324B09A97}.Release|Any CPU.Build.0 = Release|Any CPU
	EndGlobalSection
	GlobalSection(SolutionProperties) = preSolution
		HideSolutionNode = FALSE
	EndGlobalSection
	GlobalSection(ExtensibilityGlobals) = postSolution
		SolutionGuid = {D87F81A9-9764-45AA-8C41-2A329FF61A7C}
	EndGlobalSection
EndGlobal
